
Microsoft Visual Studio Solution File, Format Version 12.00
# Visual Studio 15
VisualStudioVersion = 15.0.27428.2027
MinimumVisualStudioVersion = 10.0.40219.1
Project("{F184B08F-C81C-45F6-A57F-5ABD9991F28F}") = "estructurasflujo", "estructurasflujo.vbproj", "{F149C731-9CD0-45F3-9C5D-6FD0BD9637A1}"
EndProject
Global
	GlobalSection(SolutionConfigurationPlatforms) = preSolution
		Debug|x86 = Debug|x86
		Release|x86 = Release|x86
	EndGlobalSection
	GlobalSection(ProjectConfigurationPlatforms) = postSolution
		{F149C731-9CD0-45F3-9C5D-6FD0BD9637A1}.Debug|x86.ActiveCfg = Debug|x86
		{F149C731-9CD0-45F3-9C5D-6FD0BD9637A1}.Debug|x86.Build.0 = Debug|x86
		{F149C731-9CD0-45F3-9C5D-6FD0BD9637A1}.Release|x86.ActiveCfg = Release|x86
		{F149C731-9CD0-45F3-9C5D-6FD0BD9637A1}.Release|x86.Build.0 = Release|x86
	EndGlobalSection
	GlobalSection(SolutionProperties) = preSolution
		HideSolutionNode = FALSE
	EndGlobalSection
	GlobalSection(ExtensibilityGlobals) = postSolution
		SolutionGuid = {AECC6756-50F6-450B-8543-F1B00A162861}
	EndGlobalSection
EndGlobal
